
Microsoft Visual Studio Solution File, Format Version 12.00
# Visual Studio Version 17
VisualStudioVersion = 17.9.34728.123
MinimumVisualStudioVersion = 10.0.40219.1
Project("{FAE04EC0-301F-11D3-BF4B-00C04F79EFBC}") = "questao3", "questao3.csproj", "{5BE4EEC1-71B3-47AD-BD1E-D0C095CDF11F}"
EndProject
Project("{FAE04EC0-301F-11D3-BF4B-00C04F79EFBC}") = "questao2", "..\questao2\questao2.csproj", "{780CEBF7-3F72-46CC-AA5B-6874D189DD30}"
EndProject
Global
	GlobalSection(SolutionConfigurationPlatforms) = preSolution
		Debug|Any CPU = Debug|Any CPU
		Release|Any CPU = Release|Any CPU
	EndGlobalSection
	GlobalSection(ProjectConfigurationPlatforms) = postSolution
		{5BE4EEC1-71B3-47AD-BD1E-D0C095CDF11F}.Debug|Any CPU.ActiveCfg = Debug|Any CPU
		{5BE4EEC1-71B3-47AD-BD1E-D0C095CDF11F}.Debug|Any CPU.Build.0 = Debug|Any CPU
		{5BE4EEC1-71B3-47AD-BD1E-D0C095CDF11F}.Release|Any CPU.ActiveCfg = Release|Any CPU
		{5BE4EEC1-71B3-47AD-BD1E-D0C095CDF11F}.Release|Any CPU.Build.0 = Release|Any CPU
		{780CEBF7-3F72-46CC-AA5B-6874D189DD30}.Debug|Any CPU.ActiveCfg = Debug|Any CPU
		{780CEBF7-3F72-46CC-AA5B-6874D189DD30}.Debug|Any CPU.Build.0 = Debug|Any CPU
		{780CEBF7-3F72-46CC-AA5B-6874D189DD30}.Release|Any CPU.ActiveCfg = Release|Any CPU
		{780CEBF7-3F72-46CC-AA5B-6874D189DD30}.Release|Any CPU.Build.0 = Release|Any CPU
	EndGlobalSection
	GlobalSection(SolutionProperties) = preSolution
		HideSolutionNode = FALSE
	EndGlobalSection
	GlobalSection(ExtensibilityGlobals) = postSolution
		SolutionGuid = {D952F3A4-DA28-43E2-8026-0481A4484BAE}
	EndGlobalSection
EndGlobal
